// !$*UTF8*$!
{
	archiveVersion = 1;
	classes = {
	};
	objectVersion = 46;
	objects = {

/* Begin PBXBuildFile section */
		1AA61A7A1A41044B00F2B2F6 /* Main.storyboard in Resources */ = {isa = PBXBuildFile; fileRef = 1AA61A781A41044B00F2B2F6 /* Main.storyboard */; };
		1AA61A7C1A41044B00F2B2F6 /* Images.xcassets in Resources */ = {isa = PBXBuildFile; fileRef = 1AA61A7B1A41044B00F2B2F6 /* Images.xcassets */; };
		1AA61A7F1A41044B00F2B2F6 /* LaunchScreen.xib in Resources */ = {isa = PBXBuildFile; fileRef = 1AA61A7D1A41044B00F2B2F6 /* LaunchScreen.xib */; };
		1AEABB031A47C3A800EF97E2 /* HKLCMTimeUtils.swift in Sources */ = {isa = PBXBuildFile; fileRef = 1AEABB021A47C3A800EF97E2 /* HKLCMTimeUtils.swift */; };
		1AEABB0C1A47C40400EF97E2 /* AppDelegate.swift in Sources */ = {isa = PBXBuildFile; fileRef = 1AEABB0A1A47C40400EF97E2 /* AppDelegate.swift */; };
		1AEABB0D1A47C40400EF97E2 /* ViewController.swift in Sources */ = {isa = PBXBuildFile; fileRef = 1AEABB0B1A47C40400EF97E2 /* ViewController.swift */; };
		1AEABB111A47C42B00EF97E2 /* HKLThreadUtils.swift in Sources */ = {isa = PBXBuildFile; fileRef = 1AEABB0F1A47C42B00EF97E2 /* HKLThreadUtils.swift */; };
		1AEABB461A47D15500EF97E2 /* StreamFrameProducer.swift in Sources */ = {isa = PBXBuildFile; fileRef = 1AEABB121A47C44C00EF97E2 /* StreamFrameProducer.swift */; };
		1AEABB471A47D15A00EF97E2 /* AssetReaderFragment.swift in Sources */ = {isa = PBXBuildFile; fileRef = 1AEABB041A47C3DF00EF97E2 /* AssetReaderFragment.swift */; };
		1AEABB481A47D15D00EF97E2 /* HKLAVGaplessPlayer.swift in Sources */ = {isa = PBXBuildFile; fileRef = 1AEABB051A47C3DF00EF97E2 /* HKLAVGaplessPlayer.swift */; };
		1AEABB491A47D22F00EF97E2 /* HKLCoreGraphicsUtils.swift in Sources */ = {isa = PBXBuildFile; fileRef = 1AEABB0E1A47C42B00EF97E2 /* HKLCoreGraphicsUtils.swift */; };
		1AEABB521A47D32300EF97E2 /* HKLGLPixelBufferView.m in Sources */ = {isa = PBXBuildFile; fileRef = 1AEABB4E1A47D32300EF97E2 /* HKLGLPixelBufferView.m */; };
		1AEABB531A47D32300EF97E2 /* HKLOpenGLUtilities.c in Sources */ = {isa = PBXBuildFile; fileRef = 1AEABB4F1A47D32300EF97E2 /* HKLOpenGLUtilities.c */; };
		1AEABB831A48E19900EF97E2 /* HKLAVFoundationUtils.swift in Sources */ = {isa = PBXBuildFile; fileRef = 1AEABB821A48E19900EF97E2 /* HKLAVFoundationUtils.swift */; };
/* End PBXBuildFile section */

/* Begin PBXFileReference section */
		1AA61A6F1A41044B00F2B2F6 /* SimpleGaplessPlayer.app */ = {isa = PBXFileReference; explicitFileType = wrapper.application; includeInIndex = 0; path = SimpleGaplessPlayer.app; sourceTree = BUILT_PRODUCTS_DIR; };
		1AA61A731A41044B00F2B2F6 /* Info.plist */ = {isa = PBXFileReference; lastKnownFileType = text.plist.xml; path = Info.plist; sourceTree = "<group>"; };
		1AA61A791A41044B00F2B2F6 /* Base */ = {isa = PBXFileReference; lastKnownFileType = file.storyboard; name = Base; path = Base.lproj/Main.storyboard; sourceTree = "<group>"; };
		1AA61A7B1A41044B00F2B2F6 /* Images.xcassets */ = {isa = PBXFileReference; lastKnownFileType = folder.assetcatalog; path = Images.xcassets; sourceTree = "<group>"; };
		1AA61A7E1A41044B00F2B2F6 /* Base */ = {isa = PBXFileReference; lastKnownFileType = file.xib; name = Base; path = Base.lproj/LaunchScreen.xib; sourceTree = "<group>"; };
		1AA61ADD1A41CCCB00F2B2F6 /* SimpleGaplessPlayer-Bridging-Header.h */ = {isa = PBXFileReference; lastKnownFileType = sourcecode.c.h; path = "SimpleGaplessPlayer-Bridging-Header.h"; sourceTree = "<group>"; };
		1AEABB021A47C3A800EF97E2 /* HKLCMTimeUtils.swift */ = {isa = PBXFileReference; fileEncoding = 4; lastKnownFileType = sourcecode.swift; path = HKLCMTimeUtils.swift; sourceTree = "<group>"; };
		1AEABB041A47C3DF00EF97E2 /* AssetReaderFragment.swift */ = {isa = PBXFileReference; fileEncoding = 4; lastKnownFileType = sourcecode.swift; path = AssetReaderFragment.swift; sourceTree = "<group>"; };
		1AEABB051A47C3DF00EF97E2 /* HKLAVGaplessPlayer.swift */ = {isa = PBXFileReference; fileEncoding = 4; lastKnownFileType = sourcecode.swift; path = HKLAVGaplessPlayer.swift; sourceTree = "<group>"; };
		1AEABB0A1A47C40400EF97E2 /* AppDelegate.swift */ = {isa = PBXFileReference; fileEncoding = 4; lastKnownFileType = sourcecode.swift; path = AppDelegate.swift; sourceTree = "<group>"; };
		1AEABB0B1A47C40400EF97E2 /* ViewController.swift */ = {isa = PBXFileReference; fileEncoding = 4; lastKnownFileType = sourcecode.swift; path = ViewController.swift; sourceTree = "<group>"; };
		1AEABB0E1A47C42B00EF97E2 /* HKLCoreGraphicsUtils.swift */ = {isa = PBXFileReference; fileEncoding = 4; lastKnownFileType = sourcecode.swift; path = HKLCoreGraphicsUtils.swift; sourceTree = "<group>"; };
		1AEABB0F1A47C42B00EF97E2 /* HKLThreadUtils.swift */ = {isa = PBXFileReference; fileEncoding = 4; lastKnownFileType = sourcecode.swift; path = HKLThreadUtils.swift; sourceTree = "<group>"; };
		1AEABB121A47C44C00EF97E2 /* StreamFrameProducer.swift */ = {isa = PBXFileReference; fileEncoding = 4; lastKnownFileType = sourcecode.swift; path = StreamFrameProducer.swift; sourceTree = "<group>"; };
		1AEABB4D1A47D32300EF97E2 /* HKLGLPixelBufferView.h */ = {isa = PBXFileReference; fileEncoding = 4; lastKnownFileType = sourcecode.c.h; path = HKLGLPixelBufferView.h; sourceTree = "<group>"; };
		1AEABB4E1A47D32300EF97E2 /* HKLGLPixelBufferView.m */ = {isa = PBXFileReference; fileEncoding = 4; lastKnownFileType = sourcecode.c.objc; path = HKLGLPixelBufferView.m; sourceTree = "<group>"; };
		1AEABB4F1A47D32300EF97E2 /* HKLOpenGLUtilities.c */ = {isa = PBXFileReference; fileEncoding = 4; lastKnownFileType = sourcecode.c.c; path = HKLOpenGLUtilities.c; sourceTree = "<group>"; };
		1AEABB501A47D32300EF97E2 /* HKLOpenGLUtilities.h */ = {isa = PBXFileReference; fileEncoding = 4; lastKnownFileType = sourcecode.c.h; path = HKLOpenGLUtilities.h; sourceTree = "<group>"; };
		1AEABB821A48E19900EF97E2 /* HKLAVFoundationUtils.swift */ = {isa = PBXFileReference; fileEncoding = 4; lastKnownFileType = sourcecode.swift; path = HKLAVFoundationUtils.swift; sourceTree = "<group>"; };
/* End PBXFileReference section */

/* Begin PBXFrameworksBuildPhase section */
		1AA61A6C1A41044B00F2B2F6 /* Frameworks */ = {
			isa = PBXFrameworksBuildPhase;
			buildActionMask = 2147483647;
			files = (
			);
			runOnlyForDeploymentPostprocessing = 0;
		};
/* End PBXFrameworksBuildPhase section */

/* Begin PBXGroup section */
		1AA61A661A41044B00F2B2F6 = {
			isa = PBXGroup;
			children = (
				1AA61A711A41044B00F2B2F6 /* SimpleGaplessPlayer */,
				1AA61A701A41044B00F2B2F6 /* Products */,
			);
			sourceTree = "<group>";
		};
		1AA61A701A41044B00F2B2F6 /* Products */ = {
			isa = PBXGroup;
			children = (
				1AA61A6F1A41044B00F2B2F6 /* SimpleGaplessPlayer.app */,
			);
			name = Products;
			sourceTree = "<group>";
		};
		1AA61A711A41044B00F2B2F6 /* SimpleGaplessPlayer */ = {
			isa = PBXGroup;
			children = (
				1AEABB0A1A47C40400EF97E2 /* AppDelegate.swift */,
				1AEABB0B1A47C40400EF97E2 /* ViewController.swift */,
				1AA61A781A41044B00F2B2F6 /* Main.storyboard */,
				1AA61A7B1A41044B00F2B2F6 /* Images.xcassets */,
				1AA61A7D1A41044B00F2B2F6 /* LaunchScreen.xib */,
				1AA61ADD1A41CCCB00F2B2F6 /* SimpleGaplessPlayer-Bridging-Header.h */,
				1AF59D581A4797C100B830CE /* HKLGaplessPlayer */,
				1AEABB4A1A47D32300EF97E2 /* HKLGLPixelBufferView */,
				1AEC3D171A43267B00EAFC38 /* misc */,
				1AA61A721A41044B00F2B2F6 /* Supporting Files */,
			);
			path = SimpleGaplessPlayer;
			sourceTree = "<group>";
		};
		1AA61A721A41044B00F2B2F6 /* Supporting Files */ = {
			isa = PBXGroup;
			children = (
				1AA61A731A41044B00F2B2F6 /* Info.plist */,
			);
			name = "Supporting Files";
			sourceTree = "<group>";
		};
		1AEABB4A1A47D32300EF97E2 /* HKLGLPixelBufferView */ = {
			isa = PBXGroup;
			children = (
				1AEABB4D1A47D32300EF97E2 /* HKLGLPixelBufferView.h */,
				1AEABB4E1A47D32300EF97E2 /* HKLGLPixelBufferView.m */,
				1AEABB4F1A47D32300EF97E2 /* HKLOpenGLUtilities.c */,
				1AEABB501A47D32300EF97E2 /* HKLOpenGLUtilities.h */,
			);
			path = HKLGLPixelBufferView;
			sourceTree = "<group>";
		};
		1AEC3D171A43267B00EAFC38 /* misc */ = {
			isa = PBXGroup;
			children = (
				1AEABB021A47C3A800EF97E2 /* HKLCMTimeUtils.swift */,
				1AEABB0E1A47C42B00EF97E2 /* HKLCoreGraphicsUtils.swift */,
				1AEABB0F1A47C42B00EF97E2 /* HKLThreadUtils.swift */,
				1AEABB821A48E19900EF97E2 /* HKLAVFoundationUtils.swift */,
			);
			path = misc;
			sourceTree = "<group>";
		};
		1AF59D581A4797C100B830CE /* HKLGaplessPlayer */ = {
			isa = PBXGroup;
			children = (
				1AEABB051A47C3DF00EF97E2 /* HKLAVGaplessPlayer.swift */,
				1AEABB121A47C44C00EF97E2 /* StreamFrameProducer.swift */,
				1AEABB041A47C3DF00EF97E2 /* AssetReaderFragment.swift */,
			);
			path = HKLGaplessPlayer;
			sourceTree = "<group>";
		};
/* End PBXGroup section */

/* Begin PBXNativeTarget section */
		1AA61A6E1A41044B00F2B2F6 /* SimpleGaplessPlayer */ = {
			isa = PBXNativeTarget;
			buildConfigurationList = 1AA61A8E1A41044B00F2B2F6 /* Build configuration list for PBXNativeTarget "SimpleGaplessPlayer" */;
			buildPhases = (
				1AA61A6B1A41044B00F2B2F6 /* Sources */,
				1AA61A6C1A41044B00F2B2F6 /* Frameworks */,
				1AA61A6D1A41044B00F2B2F6 /* Resources */,
			);
			buildRules = (
			);
			dependencies = (
			);
			name = SimpleGaplessPlayer;
			productName = LearningVideoComposition;
			productReference = 1AA61A6F1A41044B00F2B2F6 /* SimpleGaplessPlayer.app */;
			productType = "com.apple.product-type.application";
		};
/* End PBXNativeTarget section */

/* Begin PBXProject section */
		1AA61A671A41044B00F2B2F6 /* Project object */ = {
			isa = PBXProject;
			attributes = {
				LastUpgradeCheck = 0610;
				ORGANIZATIONNAME = "Hirohito Kato";
				TargetAttributes = {
					1AA61A6E1A41044B00F2B2F6 = {
						CreatedOnToolsVersion = 6.1.1;
					};
				};
			};
			buildConfigurationList = 1AA61A6A1A41044B00F2B2F6 /* Build configuration list for PBXProject "SimpleGaplessPlayer" */;
			compatibilityVersion = "Xcode 3.2";
			developmentRegion = English;
			hasScannedForEncodings = 0;
			knownRegions = (
				en,
				Base,
			);
			mainGroup = 1AA61A661A41044B00F2B2F6;
			productRefGroup = 1AA61A701A41044B00F2B2F6 /* Products */;
			projectDirPath = "";
			projectRoot = "";
			targets = (
				1AA61A6E1A41044B00F2B2F6 /* SimpleGaplessPlayer */,
			);
		};
/* End PBXProject section */

/* Begin PBXResourcesBuildPhase section */
		1AA61A6D1A41044B00F2B2F6 /* Resources */ = {
			isa = PBXResourcesBuildPhase;
			buildActionMask = 2147483647;
			files = (
				1AA61A7A1A41044B00F2B2F6 /* Main.storyboard in Resources */,
				1AA61A7F1A41044B00F2B2F6 /* LaunchScreen.xib in Resources */,
				1AA61A7C1A41044B00F2B2F6 /* Images.xcassets in Resources */,
			);
			runOnlyForDeploymentPostprocessing = 0;
		};
/* End PBXResourcesBuildPhase section */

/* Begin PBXSourcesBuildPhase section */
		1AA61A6B1A41044B00F2B2F6 /* Sources */ = {
			isa = PBXSourcesBuildPhase;
			buildActionMask = 2147483647;
			files = (
				1AEABB0D1A47C40400EF97E2 /* ViewController.swift in Sources */,
				1AEABB531A47D32300EF97E2 /* HKLOpenGLUtilities.c in Sources */,
				1AEABB111A47C42B00EF97E2 /* HKLThreadUtils.swift in Sources */,
				1AEABB471A47D15A00EF97E2 /* AssetReaderFragment.swift in Sources */,
				1AEABB031A47C3A800EF97E2 /* HKLCMTimeUtils.swift in Sources */,
				1AEABB521A47D32300EF97E2 /* HKLGLPixelBufferView.m in Sources */,
				1AEABB0C1A47C40400EF97E2 /* AppDelegate.swift in Sources */,
				1AEABB461A47D15500EF97E2 /* StreamFrameProducer.swift in Sources */,
				1AEABB481A47D15D00EF97E2 /* HKLAVGaplessPlayer.swift in Sources */,
				1AEABB831A48E19900EF97E2 /* HKLAVFoundationUtils.swift in Sources */,
				1AEABB491A47D22F00EF97E2 /* HKLCoreGraphicsUtils.swift in Sources */,
			);
			runOnlyForDeploymentPostprocessing = 0;
		};
/* End PBXSourcesBuildPhase section */

/* Begin PBXVariantGroup section */
		1AA61A781A41044B00F2B2F6 /* Main.storyboard */ = {
			isa = PBXVariantGroup;
			children = (
				1AA61A791A41044B00F2B2F6 /* Base */,
			);
			name = Main.storyboard;
			sourceTree = "<group>";
		};
		1AA61A7D1A41044B00F2B2F6 /* LaunchScreen.xib */ = {
			isa = PBXVariantGroup;
			children = (
				1AA61A7E1A41044B00F2B2F6 /* Base */,
			);
			name = LaunchScreen.xib;
			sourceTree = "<group>";
		};
/* End PBXVariantGroup section */

/* Begin XCBuildConfiguration section */
		1AA61A8C1A41044B00F2B2F6 /* Debug */ = {
			isa = XCBuildConfiguration;
			buildSettings = {
				ALWAYS_SEARCH_USER_PATHS = NO;
				CLANG_CXX_LANGUAGE_STANDARD = "gnu++0x";
				CLANG_CXX_LIBRARY = "libc++";
				CLANG_ENABLE_MODULES = YES;
				CLANG_ENABLE_OBJC_ARC = YES;
				CLANG_WARN_BOOL_CONVERSION = YES;
				CLANG_WARN_CONSTANT_CONVERSION = YES;
				CLANG_WARN_DIRECT_OBJC_ISA_USAGE = YES_ERROR;
				CLANG_WARN_EMPTY_BODY = YES;
				CLANG_WARN_ENUM_CONVERSION = YES;
				CLANG_WARN_INT_CONVERSION = YES;
				CLANG_WARN_OBJC_ROOT_CLASS = YES_ERROR;
				CLANG_WARN_UNREACHABLE_CODE = YES;
				CLANG_WARN__DUPLICATE_METHOD_MATCH = YES;
				"CODE_SIGN_IDENTITY[sdk=iphoneos*]" = "iPhone Developer";
				COPY_PHASE_STRIP = NO;
				ENABLE_STRICT_OBJC_MSGSEND = YES;
				GCC_C_LANGUAGE_STANDARD = gnu99;
				GCC_DYNAMIC_NO_PIC = NO;
				GCC_OPTIMIZATION_LEVEL = 0;
				GCC_PREPROCESSOR_DEFINITIONS = (
					"DEBUG=1",
					"$(inherited)",
				);
				GCC_SYMBOLS_PRIVATE_EXTERN = NO;
				GCC_WARN_64_TO_32_BIT_CONVERSION = YES;
				GCC_WARN_ABOUT_RETURN_TYPE = YES_ERROR;
				GCC_WARN_UNDECLARED_SELECTOR = YES;
				GCC_WARN_UNINITIALIZED_AUTOS = YES_AGGRESSIVE;
				GCC_WARN_UNUSED_FUNCTION = YES;
				GCC_WARN_UNUSED_VARIABLE = YES;
				IPHONEOS_DEPLOYMENT_TARGET = 8.1;
				MTL_ENABLE_DEBUG_INFO = YES;
				ONLY_ACTIVE_ARCH = YES;
				SDKROOT = iphoneos;
				SWIFT_OPTIMIZATION_LEVEL = "-Onone";
			};
			name = Debug;
		};
		1AA61A8D1A41044B00F2B2F6 /* Release */ = {
			isa = XCBuildConfiguration;
			buildSettings = {
				ALWAYS_SEARCH_USER_PATHS = NO;
				CLANG_CXX_LANGUAGE_STANDARD = "gnu++0x";
				CLANG_CXX_LIBRARY = "libc++";
				CLANG_ENABLE_MODULES = YES;
				CLANG_ENABLE_OBJC_ARC = YES;
				CLANG_WARN_BOOL_CONVERSION = YES;
				CLANG_WARN_CONSTANT_CONVERSION = YES;
				CLANG_WARN_DIRECT_OBJC_ISA_USAGE = YES_ERROR;
				CLANG_WARN_EMPTY_BODY = YES;
				CLANG_WARN_ENUM_CONVERSION = YES;
				CLANG_WARN_INT_CONVERSION = YES;
				CLANG_WARN_OBJC_ROOT_CLASS = YES_ERROR;
				CLANG_WARN_UNREACHABLE_CODE = YES;
				CLANG_WARN__DUPLICATE_METHOD_MATCH = YES;
				"CODE_SIGN_IDENTITY[sdk=iphoneos*]" = "iPhone Developer";
				COPY_PHASE_STRIP = YES;
				ENABLE_NS_ASSERTIONS = NO;
				ENABLE_STRICT_OBJC_MSGSEND = YES;
				GCC_C_LANGUAGE_STANDARD = gnu99;
				GCC_WARN_64_TO_32_BIT_CONVERSION = YES;
				GCC_WARN_ABOUT_RETURN_TYPE = YES_ERROR;
				GCC_WARN_UNDECLARED_SELECTOR = YES;
				GCC_WARN_UNINITIALIZED_AUTOS = YES_AGGRESSIVE;
				GCC_WARN_UNUSED_FUNCTION = YES;
				GCC_WARN_UNUSED_VARIABLE = YES;
				IPHONEOS_DEPLOYMENT_TARGET = 8.1;
				MTL_ENABLE_DEBUG_INFO = NO;
				SDKROOT = iphoneos;
				VALIDATE_PRODUCT = YES;
			};
			name = Release;
		};
		1AA61A8F1A41044B00F2B2F6 /* Debug */ = {
			isa = XCBuildConfiguration;
			buildSettings = {
				ASSETCATALOG_COMPILER_APPICON_NAME = AppIcon;
				CLANG_ENABLE_MODULES = YES;
				INFOPLIST_FILE = SimpleGaplessPlayer/Info.plist;
				IPHONEOS_DEPLOYMENT_TARGET = 8.0;
				LD_RUNPATH_SEARCH_PATHS = "$(inherited) @executable_path/Frameworks";
				PRODUCT_NAME = SimpleGaplessPlayer;
				SWIFT_OBJC_BRIDGING_HEADER = "SimpleGaplessPlayer/SimpleGaplessPlayer-Bridging-Header.h";
				SWIFT_OPTIMIZATION_LEVEL = "-Onone";
			};
			name = Debug;
		};
		1AA61A901A41044B00F2B2F6 /* Release */ = {
			isa = XCBuildConfiguration;
			buildSettings = {
				ASSETCATALOG_COMPILER_APPICON_NAME = AppIcon;
				CLANG_ENABLE_MODULES = YES;
				INFOPLIST_FILE = SimpleGaplessPlayer/Info.plist;
				IPHONEOS_DEPLOYMENT_TARGET = 8.0;
				LD_RUNPATH_SEARCH_PATHS = "$(inherited) @executable_path/Frameworks";
				PRODUCT_NAME = SimpleGaplessPlayer;
				SWIFT_OBJC_BRIDGING_HEADER = "SimpleGaplessPlayer/SimpleGaplessPlayer-Bridging-Header.h";
			};
			name = Release;
		};
/* End XCBuildConfiguration section */

/* Begin XCConfigurationList section */
		1AA61A6A1A41044B00F2B2F6 /* Build configuration list for PBXProject "SimpleGaplessPlayer" */ = {
			isa = XCConfigurationList;
			buildConfigurations = (
				1AA61A8C1A41044B00F2B2F6 /* Debug */,
				1AA61A8D1A41044B00F2B2F6 /* Release */,
			);
			defaultConfigurationIsVisible = 0;
			defaultConfigurationName = Release;
		};
		1AA61A8E1A41044B00F2B2F6 /* Build configuration list for PBXNativeTarget "SimpleGaplessPlayer" */ = {
			isa = XCConfigurationList;
			buildConfigurations = (
				1AA61A8F1A41044B00F2B2F6 /* Debug */,
				1AA61A901A41044B00F2B2F6 /* Release */,
			);
			defaultConfigurationIsVisible = 0;
			defaultConfigurationName = Release;
		};
/* End XCConfigurationList section */
	};
	rootObject = 1AA61A671A41044B00F2B2F6 /* Project object */;
}
